hash: f749015a51ddcb4fef81c0354cd26a94e34d5849262b14a1a16e02eaed6f7c17
updated: 2016-09-06T11:59:33.317179644+08:00
imports:
- name: github.com/bileji/pigeon
  version: 4106a0dbe165be18774671399256ec3077025977
  subpackages:
  - libary/config
- name: gopkg.in/yaml.v2
  version: e4d366fc3c7938e2958e662b4258c7a89e1f0e3e
devImports: []
